// !$*UTF8*$!
{
	archiveVersion = 1;
	classes = {
	};
	objectVersion = 56;
	objects = {

/* Begin PBXBuildFile section */
		3905EF702AF2F19C007E1E96 /* MealerApp.swift in Sources */ = {isa = PBXBuildFile; fileRef = 3905EF6F2AF2F19C007E1E96 /* MealerApp.swift */; };
		3905EF722AF2F19C007E1E96 /* ContentView.swift in Sources */ = {isa = PBXBuildFile; fileRef = 3905EF712AF2F19C007E1E96 /* ContentView.swift */; };
		3905EF742AF2F19E007E1E96 /* Assets.xcassets in Resources */ = {isa = PBXBuildFile; fileRef = 3905EF732AF2F19E007E1E96 /* Assets.xcassets */; };
		3905EF772AF2F19E007E1E96 /* Preview Assets.xcassets in Resources */ = {isa = PBXBuildFile; fileRef = 3905EF762AF2F19E007E1E96 /* Preview Assets.xcassets */; };
		3905EF812AF2F19E007E1E96 /* MealerTests.swift in Sources */ = {isa = PBXBuildFile; fileRef = 3905EF802AF2F19E007E1E96 /* MealerTests.swift */; };
		3905EF8B2AF2F19E007E1E96 /* MealerUITests.swift in Sources */ = {isa = PBXBuildFile; fileRef = 3905EF8A2AF2F19E007E1E96 /* MealerUITests.swift */; };
		3905EF8D2AF2F19E007E1E96 /* MealerUITestsLaunchTests.swift in Sources */ = {isa = PBXBuildFile; fileRef = 3905EF8C2AF2F19E007E1E96 /* MealerUITestsLaunchTests.swift */; };
		3905EFB22AF84DD4007E1E96 /* LoginView.swift in Sources */ = {isa = PBXBuildFile; fileRef = 3905EFB12AF84DD4007E1E96 /* LoginView.swift */; };
		3905EFB52AF92415007E1E96 /* GRPC in Frameworks */ = {isa = PBXBuildFile; productRef = 3905EFB42AF92415007E1E96 /* GRPC */; };
		399BF61D2AF92DCC006A2BEC /* auth.pb.swift in Sources */ = {isa = PBXBuildFile; fileRef = 399BF6172AF92DCC006A2BEC /* auth.pb.swift */; };
		399BF61E2AF92DCC006A2BEC /* auth.grpc.swift in Sources */ = {isa = PBXBuildFile; fileRef = 399BF6182AF92DCC006A2BEC /* auth.grpc.swift */; };
		399BF61F2AF92DCC006A2BEC /* meals.grpc.swift in Sources */ = {isa = PBXBuildFile; fileRef = 399BF61B2AF92DCC006A2BEC /* meals.grpc.swift */; };
		399BF6202AF92DCC006A2BEC /* meals.pb.swift in Sources */ = {isa = PBXBuildFile; fileRef = 399BF61C2AF92DCC006A2BEC /* meals.pb.swift */; };
		399BF6222AF99DDD006A2BEC /* MealView.swift in Sources */ = {isa = PBXBuildFile; fileRef = 399BF6212AF99DDD006A2BEC /* MealView.swift */; };
		39B568BE2AFB97DC00615D90 /* String.swift in Sources */ = {isa = PBXBuildFile; fileRef = 39B568BD2AFB97DC00615D90 /* String.swift */; };
		39B568C12AFBA20700615D90 /* JWTDecode in Frameworks */ = {isa = PBXBuildFile; productRef = 39B568C02AFBA20700615D90 /* JWTDecode */; };
		39B568C42AFC084700615D90 /* GrpcClient.swift in Sources */ = {isa = PBXBuildFile; fileRef = 39B568C32AFC084700615D90 /* GrpcClient.swift */; };
		39B568C62AFE3A9800615D90 /* TestEdit.swift in Sources */ = {isa = PBXBuildFile; fileRef = 39B568C52AFE3A9800615D90 /* TestEdit.swift */; };
		39B568C82AFEC29D00615D90 /* PlanningView.swift in Sources */ = {isa = PBXBuildFile; fileRef = 39B568C72AFEC29D00615D90 /* PlanningView.swift */; };
		39B568CA2B06C4EF00615D90 /* WeekView.swift in Sources */ = {isa = PBXBuildFile; fileRef = 39B568C92B06C4EF00615D90 /* WeekView.swift */; };
		39B568CE2B06C59800615D90 /* Week.swift in Sources */ = {isa = PBXBuildFile; fileRef = 39B568CD2B06C59800615D90 /* Week.swift */; };
		39B568D02B06C5C500615D90 /* WeekStore.swift in Sources */ = {isa = PBXBuildFile; fileRef = 39B568CF2B06C5C500615D90 /* WeekStore.swift */; };
		39B568D22B06C62A00615D90 /* Date.swift in Sources */ = {isa = PBXBuildFile; fileRef = 39B568D12B06C62A00615D90 /* Date.swift */; };
		39B568D62B06CADA00615D90 /* TimeDirection.swift in Sources */ = {isa = PBXBuildFile; fileRef = 39B568D52B06CADA00615D90 /* TimeDirection.swift */; };
		39B568D82B06CB7600615D90 /* WeeksTabView.swift in Sources */ = {isa = PBXBuildFile; fileRef = 39B568D72B06CB7600615D90 /* WeeksTabView.swift */; };
		39B568DA2B06CBAC00615D90 /* WeekHeaderView.swift in Sources */ = {isa = PBXBuildFile; fileRef = 39B568D92B06CBAC00615D90 /* WeekHeaderView.swift */; };
		39B568DC2B06CBE800615D90 /* InfiniteWeek.swift in Sources */ = {isa = PBXBuildFile; fileRef = 39B568DB2B06CBE800615D90 /* InfiniteWeek.swift */; };
/* End PBXBuildFile section */

/* Begin PBXContainerItemProxy section */
		3905EF7D2AF2F19E007E1E96 /* PBXContainerItemProxy */ = {
			isa = PBXContainerItemProxy;
			containerPortal = 3905EF642AF2F19C007E1E96 /* Project object */;
			proxyType = 1;
			remoteGlobalIDString = 3905EF6B2AF2F19C007E1E96;
			remoteInfo = Mealer;
		};
		3905EF872AF2F19E007E1E96 /* PBXContainerItemProxy */ = {
			isa = PBXContainerItemProxy;
			containerPortal = 3905EF642AF2F19C007E1E96 /* Project object */;
			proxyType = 1;
			remoteGlobalIDString = 3905EF6B2AF2F19C007E1E96;
			remoteInfo = Mealer;
		};
/* End PBXContainerItemProxy section */

/* Begin PBXFileReference section */
		3905EF6C2AF2F19C007E1E96 /* Mealer.app */ = {isa = PBXFileReference; explicitFileType = wrapper.application; includeInIndex = 0; path = Mealer.app; sourceTree = BUILT_PRODUCTS_DIR; };
		3905EF6F2AF2F19C007E1E96 /* MealerApp.swift */ = {isa = PBXFileReference; lastKnownFileType = sourcecode.swift; path = MealerApp.swift; sourceTree = "<group>"; };
		3905EF712AF2F19C007E1E96 /* ContentView.swift */ = {isa = PBXFileReference; lastKnownFileType = sourcecode.swift; path = ContentView.swift; sourceTree = "<group>"; };
		3905EF732AF2F19E007E1E96 /* Assets.xcassets */ = {isa = PBXFileReference; lastKnownFileType = folder.assetcatalog; path = Assets.xcassets; sourceTree = "<group>"; };
		3905EF762AF2F19E007E1E96 /* Preview Assets.xcassets */ = {isa = PBXFileReference; lastKnownFileType = folder.assetcatalog; path = "Preview Assets.xcassets"; sourceTree = "<group>"; };
		3905EF7C2AF2F19E007E1E96 /* MealerTests.xctest */ = {isa = PBXFileReference; explicitFileType = wrapper.cfbundle; includeInIndex = 0; path = MealerTests.xctest; sourceTree = BUILT_PRODUCTS_DIR; };
		3905EF802AF2F19E007E1E96 /* MealerTests.swift */ = {isa = PBXFileReference; lastKnownFileType = sourcecode.swift; path = MealerTests.swift; sourceTree = "<group>"; };
		3905EF862AF2F19E007E1E96 /* MealerUITests.xctest */ = {isa = PBXFileReference; explicitFileType = wrapper.cfbundle; includeInIndex = 0; path = MealerUITests.xctest; sourceTree = BUILT_PRODUCTS_DIR; };
		3905EF8A2AF2F19E007E1E96 /* MealerUITests.swift */ = {isa = PBXFileReference; lastKnownFileType = sourcecode.swift; path = MealerUITests.swift; sourceTree = "<group>"; };
		3905EF8C2AF2F19E007E1E96 /* MealerUITestsLaunchTests.swift */ = {isa = PBXFileReference; lastKnownFileType = sourcecode.swift; path = MealerUITestsLaunchTests.swift; sourceTree = "<group>"; };
		3905EFB12AF84DD4007E1E96 /* LoginView.swift */ = {isa = PBXFileReference; lastKnownFileType = sourcecode.swift; path = LoginView.swift; sourceTree = "<group>"; };
		399BF6172AF92DCC006A2BEC /* auth.pb.swift */ = {isa = PBXFileReference; fileEncoding = 4; lastKnownFileType = sourcecode.swift; path = auth.pb.swift; sourceTree = "<group>"; };
		399BF6182AF92DCC006A2BEC /* auth.grpc.swift */ = {isa = PBXFileReference; fileEncoding = 4; lastKnownFileType = sourcecode.swift; path = auth.grpc.swift; sourceTree = "<group>"; };
		399BF61B2AF92DCC006A2BEC /* meals.grpc.swift */ = {isa = PBXFileReference; fileEncoding = 4; lastKnownFileType = sourcecode.swift; path = meals.grpc.swift; sourceTree = "<group>"; };
		399BF61C2AF92DCC006A2BEC /* meals.pb.swift */ = {isa = PBXFileReference; fileEncoding = 4; lastKnownFileType = sourcecode.swift; path = meals.pb.swift; sourceTree = "<group>"; };
		399BF6212AF99DDD006A2BEC /* MealView.swift */ = {isa = PBXFileReference; lastKnownFileType = sourcecode.swift; path = MealView.swift; sourceTree = "<group>"; };
		39B568BD2AFB97DC00615D90 /* String.swift */ = {isa = PBXFileReference; lastKnownFileType = sourcecode.swift; path = String.swift; sourceTree = "<group>"; };
		39B568C32AFC084700615D90 /* GrpcClient.swift */ = {isa = PBXFileReference; lastKnownFileType = sourcecode.swift; path = GrpcClient.swift; sourceTree = "<group>"; };
		39B568C52AFE3A9800615D90 /* TestEdit.swift */ = {isa = PBXFileReference; lastKnownFileType = sourcecode.swift; path = TestEdit.swift; sourceTree = "<group>"; };
		39B568C72AFEC29D00615D90 /* PlanningView.swift */ = {isa = PBXFileReference; lastKnownFileType = sourcecode.swift; path = PlanningView.swift; sourceTree = "<group>"; };
		39B568C92B06C4EF00615D90 /* WeekView.swift */ = {isa = PBXFileReference; lastKnownFileType = sourcecode.swift; path = WeekView.swift; sourceTree = "<group>"; };
		39B568CD2B06C59800615D90 /* Week.swift */ = {isa = PBXFileReference; lastKnownFileType = sourcecode.swift; path = Week.swift; sourceTree = "<group>"; };
		39B568CF2B06C5C500615D90 /* WeekStore.swift */ = {isa = PBXFileReference; lastKnownFileType = sourcecode.swift; path = WeekStore.swift; sourceTree = "<group>"; };
		39B568D12B06C62A00615D90 /* Date.swift */ = {isa = PBXFileReference; lastKnownFileType = sourcecode.swift; path = Date.swift; sourceTree = "<group>"; };
		39B568D52B06CADA00615D90 /* TimeDirection.swift */ = {isa = PBXFileReference; lastKnownFileType = sourcecode.swift; path = TimeDirection.swift; sourceTree = "<group>"; };
		39B568D72B06CB7600615D90 /* WeeksTabView.swift */ = {isa = PBXFileReference; lastKnownFileType = sourcecode.swift; path = WeeksTabView.swift; sourceTree = "<group>"; };
		39B568D92B06CBAC00615D90 /* WeekHeaderView.swift */ = {isa = PBXFileReference; lastKnownFileType = sourcecode.swift; path = WeekHeaderView.swift; sourceTree = "<group>"; };
		39B568DB2B06CBE800615D90 /* InfiniteWeek.swift */ = {isa = PBXFileReference; lastKnownFileType = sourcecode.swift; path = InfiniteWeek.swift; sourceTree = "<group>"; };
/* End PBXFileReference section */

/* Begin PBXFrameworksBuildPhase section */
		3905EF692AF2F19C007E1E96 /* Frameworks */ = {
			isa = PBXFrameworksBuildPhase;
			buildActionMask = 2147483647;
			files = (
				39B568C12AFBA20700615D90 /* JWTDecode in Frameworks */,
				3905EFB52AF92415007E1E96 /* GRPC in Frameworks */,
			);
			runOnlyForDeploymentPostprocessing = 0;
		};
		3905EF792AF2F19E007E1E96 /* Frameworks */ = {
			isa = PBXFrameworksBuildPhase;
			buildActionMask = 2147483647;
			files = (
			);
			runOnlyForDeploymentPostprocessing = 0;
		};
		3905EF832AF2F19E007E1E96 /* Frameworks */ = {
			isa = PBXFrameworksBuildPhase;
			buildActionMask = 2147483647;
			files = (
			);
			runOnlyForDeploymentPostprocessing = 0;
		};
/* End PBXFrameworksBuildPhase section */

/* Begin PBXGroup section */
		3905EF632AF2F19C007E1E96 = {
			isa = PBXGroup;
			children = (
				3905EF6E2AF2F19C007E1E96 /* Mealer */,
				3905EF7F2AF2F19E007E1E96 /* MealerTests */,
				3905EF892AF2F19E007E1E96 /* MealerUITests */,
				3905EF6D2AF2F19C007E1E96 /* Products */,
			);
			sourceTree = "<group>";
		};
		3905EF6D2AF2F19C007E1E96 /* Products */ = {
			isa = PBXGroup;
			children = (
				3905EF6C2AF2F19C007E1E96 /* Mealer.app */,
				3905EF7C2AF2F19E007E1E96 /* MealerTests.xctest */,
				3905EF862AF2F19E007E1E96 /* MealerUITests.xctest */,
			);
			name = Products;
			sourceTree = "<group>";
		};
		3905EF6E2AF2F19C007E1E96 /* Mealer */ = {
			isa = PBXGroup;
			children = (
				39B568D32B06CAB200615D90 /* utils */,
				39B568CC2B06C58700615D90 /* models */,
				39B568C22AFC083400615D90 /* service */,
				39B568BC2AFB97C700615D90 /* extensions */,
				3905EFA42AF3114F007E1E96 /* view */,
				3905EF6F2AF2F19C007E1E96 /* MealerApp.swift */,
				3905EF732AF2F19E007E1E96 /* Assets.xcassets */,
				3905EF752AF2F19E007E1E96 /* Preview Content */,
			);
			path = Mealer;
			sourceTree = "<group>";
		};
		3905EF752AF2F19E007E1E96 /* Preview Content */ = {
			isa = PBXGroup;
			children = (
				3905EF762AF2F19E007E1E96 /* Preview Assets.xcassets */,
			);
			path = "Preview Content";
			sourceTree = "<group>";
		};
		3905EF7F2AF2F19E007E1E96 /* MealerTests */ = {
			isa = PBXGroup;
			children = (
				3905EF802AF2F19E007E1E96 /* MealerTests.swift */,
			);
			path = MealerTests;
			sourceTree = "<group>";
		};
		3905EF892AF2F19E007E1E96 /* MealerUITests */ = {
			isa = PBXGroup;
			children = (
				3905EF8A2AF2F19E007E1E96 /* MealerUITests.swift */,
				3905EF8C2AF2F19E007E1E96 /* MealerUITestsLaunchTests.swift */,
			);
			path = MealerUITests;
			sourceTree = "<group>";
		};
		3905EFA42AF3114F007E1E96 /* view */ = {
			isa = PBXGroup;
			children = (
				39B568C92B06C4EF00615D90 /* WeekView.swift */,
				3905EF712AF2F19C007E1E96 /* ContentView.swift */,
				3905EFB12AF84DD4007E1E96 /* LoginView.swift */,
				399BF6132AF92DCC006A2BEC /* gen */,
				399BF6212AF99DDD006A2BEC /* MealView.swift */,
				39B568C72AFEC29D00615D90 /* PlanningView.swift */,
				39B568C52AFE3A9800615D90 /* TestEdit.swift */,
				39B568DB2B06CBE800615D90 /* InfiniteWeek.swift */,
				39B568D92B06CBAC00615D90 /* WeekHeaderView.swift */,
				39B568D72B06CB7600615D90 /* WeeksTabView.swift */,
			);
			path = view;
			sourceTree = "<group>";
		};
		399BF6132AF92DCC006A2BEC /* gen */ = {
			isa = PBXGroup;
			children = (
				399BF6142AF92DCC006A2BEC /* proto */,
			);
			name = gen;
			path = Mealer/gen;
			sourceTree = SOURCE_ROOT;
		};
		399BF6142AF92DCC006A2BEC /* proto */ = {
			isa = PBXGroup;
			children = (
				399BF6152AF92DCC006A2BEC /* auth */,
				399BF6192AF92DCC006A2BEC /* meals */,
			);
			path = proto;
			sourceTree = "<group>";
		};
		399BF6152AF92DCC006A2BEC /* auth */ = {
			isa = PBXGroup;
			children = (
				399BF6162AF92DCC006A2BEC /* v1 */,
			);
			path = auth;
			sourceTree = "<group>";
		};
		399BF6162AF92DCC006A2BEC /* v1 */ = {
			isa = PBXGroup;
			children = (
				399BF6172AF92DCC006A2BEC /* auth.pb.swift */,
				399BF6182AF92DCC006A2BEC /* auth.grpc.swift */,
			);
			path = v1;
			sourceTree = "<group>";
		};
		399BF6192AF92DCC006A2BEC /* meals */ = {
			isa = PBXGroup;
			children = (
				399BF61A2AF92DCC006A2BEC /* v1 */,
			);
			path = meals;
			sourceTree = "<group>";
		};
		399BF61A2AF92DCC006A2BEC /* v1 */ = {
			isa = PBXGroup;
			children = (
				399BF61B2AF92DCC006A2BEC /* meals.grpc.swift */,
				399BF61C2AF92DCC006A2BEC /* meals.pb.swift */,
			);
			path = v1;
			sourceTree = "<group>";
		};
		39B568BC2AFB97C700615D90 /* extensions */ = {
			isa = PBXGroup;
			children = (
				39B568BD2AFB97DC00615D90 /* String.swift */,
				39B568D12B06C62A00615D90 /* Date.swift */,
			);
			path = extensions;
			sourceTree = "<group>";
		};
		39B568C22AFC083400615D90 /* service */ = {
			isa = PBXGroup;
			children = (
				39B568C32AFC084700615D90 /* GrpcClient.swift */,
			);
			path = service;
			sourceTree = "<group>";
		};
		39B568CC2B06C58700615D90 /* models */ = {
			isa = PBXGroup;
			children = (
				39B568CD2B06C59800615D90 /* Week.swift */,
				39B568CF2B06C5C500615D90 /* WeekStore.swift */,
			);
			path = models;
			sourceTree = "<group>";
		};
		39B568D32B06CAB200615D90 /* utils */ = {
			isa = PBXGroup;
			children = (
				39B568D42B06CAC000615D90 /* enums */,
			);
			path = utils;
			sourceTree = "<group>";
		};
		39B568D42B06CAC000615D90 /* enums */ = {
			isa = PBXGroup;
			children = (
				39B568D52B06CADA00615D90 /* TimeDirection.swift */,
			);
			path = enums;
			sourceTree = "<group>";
		};
/* End PBXGroup section */

/* Begin PBXNativeTarget section */
		3905EF6B2AF2F19C007E1E96 /* Mealer */ = {
			isa = PBXNativeTarget;
			buildConfigurationList = 3905EF902AF2F19E007E1E96 /* Build configuration list for PBXNativeTarget "Mealer" */;
			buildPhases = (
				3905EF682AF2F19C007E1E96 /* Sources */,
				3905EF692AF2F19C007E1E96 /* Frameworks */,
				3905EF6A2AF2F19C007E1E96 /* Resources */,
			);
			buildRules = (
			);
			dependencies = (
			);
			name = Mealer;
			packageProductDependencies = (
				3905EFB42AF92415007E1E96 /* GRPC */,
				39B568C02AFBA20700615D90 /* JWTDecode */,
			);
			productName = Mealer;
			productReference = 3905EF6C2AF2F19C007E1E96 /* Mealer.app */;
			productType = "com.apple.product-type.application";
		};
		3905EF7B2AF2F19E007E1E96 /* MealerTests */ = {
			isa = PBXNativeTarget;
			buildConfigurationList = 3905EF932AF2F19E007E1E96 /* Build configuration list for PBXNativeTarget "MealerTests" */;
			buildPhases = (
				3905EF782AF2F19E007E1E96 /* Sources */,
				3905EF792AF2F19E007E1E96 /* Frameworks */,
				3905EF7A2AF2F19E007E1E96 /* Resources */,
			);
			buildRules = (
			);
			dependencies = (
				3905EF7E2AF2F19E007E1E96 /* PBXTargetDependency */,
			);
			name = MealerTests;
			productName = MealerTests;
			productReference = 3905EF7C2AF2F19E007E1E96 /* MealerTests.xctest */;
			productType = "com.apple.product-type.bundle.unit-test";
		};
		3905EF852AF2F19E007E1E96 /* MealerUITests */ = {
			isa = PBXNativeTarget;
			buildConfigurationList = 3905EF962AF2F19E007E1E96 /* Build configuration list for PBXNativeTarget "MealerUITests" */;
			buildPhases = (
				3905EF822AF2F19E007E1E96 /* Sources */,
				3905EF832AF2F19E007E1E96 /* Frameworks */,
				3905EF842AF2F19E007E1E96 /* Resources */,
			);
			buildRules = (
			);
			dependencies = (
				3905EF882AF2F19E007E1E96 /* PBXTargetDependency */,
			);
			name = MealerUITests;
			productName = MealerUITests;
			productReference = 3905EF862AF2F19E007E1E96 /* MealerUITests.xctest */;
			productType = "com.apple.product-type.bundle.ui-testing";
		};
/* End PBXNativeTarget section */

/* Begin PBXProject section */
		3905EF642AF2F19C007E1E96 /* Project object */ = {
			isa = PBXProject;
			attributes = {
				BuildIndependentTargetsInParallel = 1;
				LastSwiftUpdateCheck = 1500;
				LastUpgradeCheck = 1500;
				TargetAttributes = {
					3905EF6B2AF2F19C007E1E96 = {
						CreatedOnToolsVersion = 15.0.1;
					};
					3905EF7B2AF2F19E007E1E96 = {
						CreatedOnToolsVersion = 15.0.1;
						TestTargetID = 3905EF6B2AF2F19C007E1E96;
					};
					3905EF852AF2F19E007E1E96 = {
						CreatedOnToolsVersion = 15.0.1;
						TestTargetID = 3905EF6B2AF2F19C007E1E96;
					};
				};
			};
			buildConfigurationList = 3905EF672AF2F19C007E1E96 /* Build configuration list for PBXProject "Mealer" */;
			compatibilityVersion = "Xcode 14.0";
			developmentRegion = en;
			hasScannedForEncodings = 0;
			knownRegions = (
				en,
				Base,
			);
			mainGroup = 3905EF632AF2F19C007E1E96;
			packageReferences = (
				3905EFB32AF92415007E1E96 /* XCRemoteSwiftPackageReference "grpc-swift" */,
				39B568BF2AFBA20700615D90 /* XCRemoteSwiftPackageReference "JWTDecode" */,
			);
			productRefGroup = 3905EF6D2AF2F19C007E1E96 /* Products */;
			projectDirPath = "";
			projectRoot = "";
			targets = (
				3905EF6B2AF2F19C007E1E96 /* Mealer */,
				3905EF7B2AF2F19E007E1E96 /* MealerTests */,
				3905EF852AF2F19E007E1E96 /* MealerUITests */,
			);
		};
/* End PBXProject section */

/* Begin PBXResourcesBuildPhase section */
		3905EF6A2AF2F19C007E1E96 /* Resources */ = {
			isa = PBXResourcesBuildPhase;
			buildActionMask = 2147483647;
			files = (
				3905EF772AF2F19E007E1E96 /* Preview Assets.xcassets in Resources */,
				3905EF742AF2F19E007E1E96 /* Assets.xcassets in Resources */,
			);
			runOnlyForDeploymentPostprocessing = 0;
		};
		3905EF7A2AF2F19E007E1E96 /* Resources */ = {
			isa = PBXResourcesBuildPhase;
			buildActionMask = 2147483647;
			files = (
			);
			runOnlyForDeploymentPostprocessing = 0;
		};
		3905EF842AF2F19E007E1E96 /* Resources */ = {
			isa = PBXResourcesBuildPhase;
			buildActionMask = 2147483647;
			files = (
			);
			runOnlyForDeploymentPostprocessing = 0;
		};
/* End PBXResourcesBuildPhase section */

/* Begin PBXSourcesBuildPhase section */
		3905EF682AF2F19C007E1E96 /* Sources */ = {
			isa = PBXSourcesBuildPhase;
			buildActionMask = 2147483647;
			files = (
				39B568C42AFC084700615D90 /* GrpcClient.swift in Sources */,
				39B568C62AFE3A9800615D90 /* TestEdit.swift in Sources */,
				3905EF722AF2F19C007E1E96 /* ContentView.swift in Sources */,
				39B568D22B06C62A00615D90 /* Date.swift in Sources */,
				39B568CA2B06C4EF00615D90 /* WeekView.swift in Sources */,
				39B568C82AFEC29D00615D90 /* PlanningView.swift in Sources */,
				399BF61D2AF92DCC006A2BEC /* auth.pb.swift in Sources */,
				399BF6222AF99DDD006A2BEC /* MealView.swift in Sources */,
				399BF6202AF92DCC006A2BEC /* meals.pb.swift in Sources */,
				399BF61F2AF92DCC006A2BEC /* meals.grpc.swift in Sources */,
				39B568CE2B06C59800615D90 /* Week.swift in Sources */,
				39B568D02B06C5C500615D90 /* WeekStore.swift in Sources */,
				39B568DA2B06CBAC00615D90 /* WeekHeaderView.swift in Sources */,
				3905EF702AF2F19C007E1E96 /* MealerApp.swift in Sources */,
				39B568D62B06CADA00615D90 /* TimeDirection.swift in Sources */,
				39B568D82B06CB7600615D90 /* WeeksTabView.swift in Sources */,
				399BF61E2AF92DCC006A2BEC /* auth.grpc.swift in Sources */,
				3905EFB22AF84DD4007E1E96 /* LoginView.swift in Sources */,
				39B568BE2AFB97DC00615D90 /* String.swift in Sources */,
				39B568DC2B06CBE800615D90 /* InfiniteWeek.swift in Sources */,
			);
			runOnlyForDeploymentPostprocessing = 0;
		};
		3905EF782AF2F19E007E1E96 /* Sources */ = {
			isa = PBXSourcesBuildPhase;
			buildActionMask = 2147483647;
			files = (
				3905EF812AF2F19E007E1E96 /* MealerTests.swift in Sources */,
			);
			runOnlyForDeploymentPostprocessing = 0;
		};
		3905EF822AF2F19E007E1E96 /* Sources */ = {
			isa = PBXSourcesBuildPhase;
			buildActionMask = 2147483647;
			files = (
				3905EF8D2AF2F19E007E1E96 /* MealerUITestsLaunchTests.swift in Sources */,
				3905EF8B2AF2F19E007E1E96 /* MealerUITests.swift in Sources */,
			);
			runOnlyForDeploymentPostprocessing = 0;
		};
/* End PBXSourcesBuildPhase section */

/* Begin PBXTargetDependency section */
		3905EF7E2AF2F19E007E1E96 /* PBXTargetDependency */ = {
			isa = PBXTargetDependency;
			target = 3905EF6B2AF2F19C007E1E96 /* Mealer */;
			targetProxy = 3905EF7D2AF2F19E007E1E96 /* PBXContainerItemProxy */;
		};
		3905EF882AF2F19E007E1E96 /* PBXTargetDependency */ = {
			isa = PBXTargetDependency;
			target = 3905EF6B2AF2F19C007E1E96 /* Mealer */;
			targetProxy = 3905EF872AF2F19E007E1E96 /* PBXContainerItemProxy */;
		};
/* End PBXTargetDependency section */

/* Begin XCBuildConfiguration section */
		3905EF8E2AF2F19E007E1E96 /* Debug */ = {
			isa = XCBuildConfiguration;
			buildSettings = {
				ALWAYS_SEARCH_USER_PATHS = NO;
				ASSETCATALOG_COMPILER_GENERATE_SWIFT_ASSET_SYMBOL_EXTENSIONS = YES;
				CLANG_ANALYZER_NONNULL = YES;
				CLANG_ANALYZER_NUMBER_OBJECT_CONVERSION = YES_AGGRESSIVE;
				CLANG_CXX_LANGUAGE_STANDARD = "gnu++20";
				CLANG_ENABLE_MODULES = YES;
				CLANG_ENABLE_OBJC_ARC = YES;
				CLANG_ENABLE_OBJC_WEAK = YES;
				CLANG_WARN_BLOCK_CAPTURE_AUTORELEASING = YES;
				CLANG_WARN_BOOL_CONVERSION = YES;
				CLANG_WARN_COMMA = YES;
				CLANG_WARN_CONSTANT_CONVERSION = YES;
				CLANG_WARN_DEPRECATED_OBJC_IMPLEMENTATIONS = YES;
				CLANG_WARN_DIRECT_OBJC_ISA_USAGE = YES_ERROR;
				CLANG_WARN_DOCUMENTATION_COMMENTS = YES;
				CLANG_WARN_EMPTY_BODY = YES;
				CLANG_WARN_ENUM_CONVERSION = YES;
				CLANG_WARN_INFINITE_RECURSION = YES;
				CLANG_WARN_INT_CONVERSION = YES;
				CLANG_WARN_NON_LITERAL_NULL_CONVERSION = YES;
				CLANG_WARN_OBJC_IMPLICIT_RETAIN_SELF = YES;
				CLANG_WARN_OBJC_LITERAL_CONVERSION = YES;
				CLANG_WARN_OBJC_ROOT_CLASS = YES_ERROR;
				CLANG_WARN_QUOTED_INCLUDE_IN_FRAMEWORK_HEADER = YES;
				CLANG_WARN_RANGE_LOOP_ANALYSIS = YES;
				CLANG_WARN_STRICT_PROTOTYPES = YES;
				CLANG_WARN_SUSPICIOUS_MOVE = YES;
				CLANG_WARN_UNGUARDED_AVAILABILITY = YES_AGGRESSIVE;
				CLANG_WARN_UNREACHABLE_CODE = YES;
				CLANG_WARN__DUPLICATE_METHOD_MATCH = YES;
				COPY_PHASE_STRIP = NO;
				DEBUG_INFORMATION_FORMAT = dwarf;
				ENABLE_STRICT_OBJC_MSGSEND = YES;
				ENABLE_TESTABILITY = YES;
				ENABLE_USER_SCRIPT_SANDBOXING = YES;
				GCC_C_LANGUAGE_STANDARD = gnu17;
				GCC_DYNAMIC_NO_PIC = NO;
				GCC_NO_COMMON_BLOCKS = YES;
				GCC_OPTIMIZATION_LEVEL = 0;
				GCC_PREPROCESSOR_DEFINITIONS = (
					"DEBUG=1",
					"$(inherited)",
				);
				GCC_WARN_64_TO_32_BIT_CONVERSION = YES;
				GCC_WARN_ABOUT_RETURN_TYPE = YES_ERROR;
				GCC_WARN_UNDECLARED_SELECTOR = YES;
				GCC_WARN_UNINITIALIZED_AUTOS = YES_AGGRESSIVE;
				GCC_WARN_UNUSED_FUNCTION = YES;
				GCC_WARN_UNUSED_VARIABLE = YES;
				IPHONEOS_DEPLOYMENT_TARGET = 17.0;
				LOCALIZATION_PREFERS_STRING_CATALOGS = YES;
				MTL_ENABLE_DEBUG_INFO = INCLUDE_SOURCE;
				MTL_FAST_MATH = YES;
				ONLY_ACTIVE_ARCH = YES;
				SDKROOT = iphoneos;
				SWIFT_ACTIVE_COMPILATION_CONDITIONS = "DEBUG $(inherited)";
				SWIFT_OPTIMIZATION_LEVEL = "-Onone";
			};
			name = Debug;
		};
		3905EF8F2AF2F19E007E1E96 /* Release */ = {
			isa = XCBuildConfiguration;
			buildSettings = {
				ALWAYS_SEARCH_USER_PATHS = NO;
				ASSETCATALOG_COMPILER_GENERATE_SWIFT_ASSET_SYMBOL_EXTENSIONS = YES;
				CLANG_ANALYZER_NONNULL = YES;
				CLANG_ANALYZER_NUMBER_OBJECT_CONVERSION = YES_AGGRESSIVE;
				CLANG_CXX_LANGUAGE_STANDARD = "gnu++20";
				CLANG_ENABLE_MODULES = YES;
				CLANG_ENABLE_OBJC_ARC = YES;
				CLANG_ENABLE_OBJC_WEAK = YES;
				CLANG_WARN_BLOCK_CAPTURE_AUTORELEASING = YES;
				CLANG_WARN_BOOL_CONVERSION = YES;
				CLANG_WARN_COMMA = YES;
				CLANG_WARN_CONSTANT_CONVERSION = YES;
				CLANG_WARN_DEPRECATED_OBJC_IMPLEMENTATIONS = YES;
				CLANG_WARN_DIRECT_OBJC_ISA_USAGE = YES_ERROR;
				CLANG_WARN_DOCUMENTATION_COMMENTS = YES;
				CLANG_WARN_EMPTY_BODY = YES;
				CLANG_WARN_ENUM_CONVERSION = YES;
				CLANG_WARN_INFINITE_RECURSION = YES;
				CLANG_WARN_INT_CONVERSION = YES;
				CLANG_WARN_NON_LITERAL_NULL_CONVERSION = YES;
				CLANG_WARN_OBJC_IMPLICIT_RETAIN_SELF = YES;
				CLANG_WARN_OBJC_LITERAL_CONVERSION = YES;
				CLANG_WARN_OBJC_ROOT_CLASS = YES_ERROR;
				CLANG_WARN_QUOTED_INCLUDE_IN_FRAMEWORK_HEADER = YES;
				CLANG_WARN_RANGE_LOOP_ANALYSIS = YES;
				CLANG_WARN_STRICT_PROTOTYPES = YES;
				CLANG_WARN_SUSPICIOUS_MOVE = YES;
				CLANG_WARN_UNGUARDED_AVAILABILITY = YES_AGGRESSIVE;
				CLANG_WARN_UNREACHABLE_CODE = YES;
				CLANG_WARN__DUPLICATE_METHOD_MATCH = YES;
				COPY_PHASE_STRIP = NO;
				DEBUG_INFORMATION_FORMAT = "dwarf-with-dsym";
				ENABLE_NS_ASSERTIONS = NO;
				ENABLE_STRICT_OBJC_MSGSEND = YES;
				ENABLE_USER_SCRIPT_SANDBOXING = YES;
				GCC_C_LANGUAGE_STANDARD = gnu17;
				GCC_NO_COMMON_BLOCKS = YES;
				GCC_WARN_64_TO_32_BIT_CONVERSION = YES;
				GCC_WARN_ABOUT_RETURN_TYPE = YES_ERROR;
				GCC_WARN_UNDECLARED_SELECTOR = YES;
				GCC_WARN_UNINITIALIZED_AUTOS = YES_AGGRESSIVE;
				GCC_WARN_UNUSED_FUNCTION = YES;
				GCC_WARN_UNUSED_VARIABLE = YES;
				IPHONEOS_DEPLOYMENT_TARGET = 17.0;
				LOCALIZATION_PREFERS_STRING_CATALOGS = YES;
				MTL_ENABLE_DEBUG_INFO = NO;
				MTL_FAST_MATH = YES;
				SDKROOT = iphoneos;
				SWIFT_COMPILATION_MODE = wholemodule;
				VALIDATE_PRODUCT = YES;
			};
			name = Release;
		};
		3905EF912AF2F19E007E1E96 /* Debug */ = {
			isa = XCBuildConfiguration;
			buildSettings = {
				ASSETCATALOG_COMPILER_APPICON_NAME = AppIcon;
				ASSETCATALOG_COMPILER_GLOBAL_ACCENT_COLOR_NAME = AccentColor;
				CODE_SIGN_STYLE = Automatic;
				CURRENT_PROJECT_VERSION = 1;
				DEVELOPMENT_ASSET_PATHS = "\"Mealer/Preview Content\"";
				DEVELOPMENT_TEAM = TL57MDF5L6;
				ENABLE_PREVIEWS = YES;
				GENERATE_INFOPLIST_FILE = YES;
				INFOPLIST_KEY_UIApplicationSceneManifest_Generation = YES;
				INFOPLIST_KEY_UIApplicationSupportsIndirectInputEvents = YES;
				INFOPLIST_KEY_UILaunchScreen_Generation = YES;
				INFOPLIST_KEY_UISupportedInterfaceOrientations_iPad = "UIInterfaceOrientationPortrait UIInterfaceOrientationPortraitUpsideDown UIInterfaceOrientationLandscapeLeft UIInterfaceOrientationLandscapeRight";
				INFOPLIST_KEY_UISupportedInterfaceOrientations_iPhone = "UIInterfaceOrientationPortrait UIInterfaceOrientationLandscapeLeft UIInterfaceOrientationLandscapeRight";
				LD_RUNPATH_SEARCH_PATHS = (
					"$(inherited)",
					"@executable_path/Frameworks",
				);
				MARKETING_VERSION = 1.0;
				PRODUCT_BUNDLE_IDENTIFIER = kristofferchr.Mealer;
				PRODUCT_NAME = "$(TARGET_NAME)";
				SWIFT_EMIT_LOC_STRINGS = YES;
				SWIFT_VERSION = 5.0;
				TARGETED_DEVICE_FAMILY = "1,2";
			};
			name = Debug;
		};
		3905EF922AF2F19E007E1E96 /* Release */ = {
			isa = XCBuildConfiguration;
			buildSettings = {
				ASSETCATALOG_COMPILER_APPICON_NAME = AppIcon;
				ASSETCATALOG_COMPILER_GLOBAL_ACCENT_COLOR_NAME = AccentColor;
				CODE_SIGN_STYLE = Automatic;
				CURRENT_PROJECT_VERSION = 1;
				DEVELOPMENT_ASSET_PATHS = "\"Mealer/Preview Content\"";
				DEVELOPMENT_TEAM = TL57MDF5L6;
				ENABLE_PREVIEWS = YES;
				GENERATE_INFOPLIST_FILE = YES;
				INFOPLIST_KEY_UIApplicationSceneManifest_Generation = YES;
				INFOPLIST_KEY_UIApplicationSupportsIndirectInputEvents = YES;
				INFOPLIST_KEY_UILaunchScreen_Generation = YES;
				INFOPLIST_KEY_UISupportedInterfaceOrientations_iPad = "UIInterfaceOrientationPortrait UIInterfaceOrientationPortraitUpsideDown UIInterfaceOrientationLandscapeLeft UIInterfaceOrientationLandscapeRight";
				INFOPLIST_KEY_UISupportedInterfaceOrientations_iPhone = "UIInterfaceOrientationPortrait UIInterfaceOrientationLandscapeLeft UIInterfaceOrientationLandscapeRight";
				LD_RUNPATH_SEARCH_PATHS = (
					"$(inherited)",
					"@executable_path/Frameworks",
				);
				MARKETING_VERSION = 1.0;
				PRODUCT_BUNDLE_IDENTIFIER = kristofferchr.Mealer;
				PRODUCT_NAME = "$(TARGET_NAME)";
				SWIFT_EMIT_LOC_STRINGS = YES;
				SWIFT_VERSION = 5.0;
				TARGETED_DEVICE_FAMILY = "1,2";
			};
			name = Release;
		};
		3905EF942AF2F19E007E1E96 /* Debug */ = {
			isa = XCBuildConfiguration;
			buildSettings = {
				ALWAYS_EMBED_SWIFT_STANDARD_LIBRARIES = YES;
				BUNDLE_LOADER = "$(TEST_HOST)";
				CODE_SIGN_STYLE = Automatic;
				CURRENT_PROJECT_VERSION = 1;
				GENERATE_INFOPLIST_FILE = YES;
				IPHONEOS_DEPLOYMENT_TARGET = 17.0;
				MARKETING_VERSION = 1.0;
				PRODUCT_BUNDLE_IDENTIFIER = kristofferchr.MealerTests;
				PRODUCT_NAME = "$(TARGET_NAME)";
				SWIFT_EMIT_LOC_STRINGS = NO;
				SWIFT_VERSION = 5.0;
				TARGETED_DEVICE_FAMILY = "1,2";
				TEST_HOST = "$(BUILT_PRODUCTS_DIR)/Mealer.app/$(BUNDLE_EXECUTABLE_FOLDER_PATH)/Mealer";
			};
			name = Debug;
		};
		3905EF952AF2F19E007E1E96 /* Release */ = {
			isa = XCBuildConfiguration;
			buildSettings = {
				ALWAYS_EMBED_SWIFT_STANDARD_LIBRARIES = YES;
				BUNDLE_LOADER = "$(TEST_HOST)";
				CODE_SIGN_STYLE = Automatic;
				CURRENT_PROJECT_VERSION = 1;
				GENERATE_INFOPLIST_FILE = YES;
				IPHONEOS_DEPLOYMENT_TARGET = 17.0;
				MARKETING_VERSION = 1.0;
				PRODUCT_BUNDLE_IDENTIFIER = kristofferchr.MealerTests;
				PRODUCT_NAME = "$(TARGET_NAME)";
				SWIFT_EMIT_LOC_STRINGS = NO;
				SWIFT_VERSION = 5.0;
				TARGETED_DEVICE_FAMILY = "1,2";
				TEST_HOST = "$(BUILT_PRODUCTS_DIR)/Mealer.app/$(BUNDLE_EXECUTABLE_FOLDER_PATH)/Mealer";
			};
			name = Release;
		};
		3905EF972AF2F19E007E1E96 /* Debug */ = {
			isa = XCBuildConfiguration;
			buildSettings = {
				ALWAYS_EMBED_SWIFT_STANDARD_LIBRARIES = YES;
				CODE_SIGN_STYLE = Automatic;
				CURRENT_PROJECT_VERSION = 1;
				GENERATE_INFOPLIST_FILE = YES;
				MARKETING_VERSION = 1.0;
				PRODUCT_BUNDLE_IDENTIFIER = kristofferchr.MealerUITests;
				PRODUCT_NAME = "$(TARGET_NAME)";
				SWIFT_EMIT_LOC_STRINGS = NO;
				SWIFT_VERSION = 5.0;
				TARGETED_DEVICE_FAMILY = "1,2";
				TEST_TARGET_NAME = Mealer;
			};
			name = Debug;
		};
		3905EF982AF2F19E007E1E96 /* Release */ = {
			isa = XCBuildConfiguration;
			buildSettings = {
				ALWAYS_EMBED_SWIFT_STANDARD_LIBRARIES = YES;
				CODE_SIGN_STYLE = Automatic;
				CURRENT_PROJECT_VERSION = 1;
				GENERATE_INFOPLIST_FILE = YES;
				MARKETING_VERSION = 1.0;
				PRODUCT_BUNDLE_IDENTIFIER = kristofferchr.MealerUITests;
				PRODUCT_NAME = "$(TARGET_NAME)";
				SWIFT_EMIT_LOC_STRINGS = NO;
				SWIFT_VERSION = 5.0;
				TARGETED_DEVICE_FAMILY = "1,2";
				TEST_TARGET_NAME = Mealer;
			};
			name = Release;
		};
/* End XCBuildConfiguration section */

/* Begin XCConfigurationList section */
		3905EF672AF2F19C007E1E96 /* Build configuration list for PBXProject "Mealer" */ = {
			isa = XCConfigurationList;
			buildConfigurations = (
				3905EF8E2AF2F19E007E1E96 /* Debug */,
				3905EF8F2AF2F19E007E1E96 /* Release */,
			);
			defaultConfigurationIsVisible = 0;
			defaultConfigurationName = Release;
		};
		3905EF902AF2F19E007E1E96 /* Build configuration list for PBXNativeTarget "Mealer" */ = {
			isa = XCConfigurationList;
			buildConfigurations = (
				3905EF912AF2F19E007E1E96 /* Debug */,
				3905EF922AF2F19E007E1E96 /* Release */,
			);
			defaultConfigurationIsVisible = 0;
			defaultConfigurationName = Release;
		};
		3905EF932AF2F19E007E1E96 /* Build configuration list for PBXNativeTarget "MealerTests" */ = {
			isa = XCConfigurationList;
			buildConfigurations = (
				3905EF942AF2F19E007E1E96 /* Debug */,
				3905EF952AF2F19E007E1E96 /* Release */,
			);
			defaultConfigurationIsVisible = 0;
			defaultConfigurationName = Release;
		};
		3905EF962AF2F19E007E1E96 /* Build configuration list for PBXNativeTarget "MealerUITests" */ = {
			isa = XCConfigurationList;
			buildConfigurations = (
				3905EF972AF2F19E007E1E96 /* Debug */,
				3905EF982AF2F19E007E1E96 /* Release */,
			);
			defaultConfigurationIsVisible = 0;
			defaultConfigurationName = Release;
		};
/* End XCConfigurationList section */

/* Begin XCRemoteSwiftPackageReference section */
		3905EFB32AF92415007E1E96 /* XCRemoteSwiftPackageReference "grpc-swift" */ = {
			isa = XCRemoteSwiftPackageReference;
			repositoryURL = "https://github.com/grpc/grpc-swift";
			requirement = {
				kind = upToNextMajorVersion;
				minimumVersion = 1.20.0;
			};
		};
		39B568BF2AFBA20700615D90 /* XCRemoteSwiftPackageReference "JWTDecode" */ = {
			isa = XCRemoteSwiftPackageReference;
			repositoryURL = "https://github.com/auth0/JWTDecode.swift";
			requirement = {
				kind = upToNextMajorVersion;
				minimumVersion = 3.1.0;
			};
		};
/* End XCRemoteSwiftPackageReference section */

/* Begin XCSwiftPackageProductDependency section */
		3905EFB42AF92415007E1E96 /* GRPC */ = {
			isa = XCSwiftPackageProductDependency;
			package = 3905EFB32AF92415007E1E96 /* XCRemoteSwiftPackageReference "grpc-swift" */;
			productName = GRPC;
		};
		39B568C02AFBA20700615D90 /* JWTDecode */ = {
			isa = XCSwiftPackageProductDependency;
			package = 39B568BF2AFBA20700615D90 /* XCRemoteSwiftPackageReference "JWTDecode" */;
			productName = JWTDecode;
		};
/* End XCSwiftPackageProductDependency section */
	};
	rootObject = 3905EF642AF2F19C007E1E96 /* Project object */;
}
